// !$*UTF8*$!
{
	archiveVersion = 1;
	classes = {
	};
	objectVersion = 56;
	objects = {

/* Begin PBXBuildFile section */
		4F9B6EB42A6833CB00E941B7 /* AppDelegate.swift in Sources */ = {isa = PBXBuildFile; fileRef = 4F9B6EB32A6833CB00E941B7 /* AppDelegate.swift */; };
		4F9B6EB62A6833CB00E941B7 /* SceneDelegate.swift in Sources */ = {isa = PBXBuildFile; fileRef = 4F9B6EB52A6833CB00E941B7 /* SceneDelegate.swift */; };
		4F9B6EB82A6833CB00E941B7 /* ViewController.swift in Sources */ = {isa = PBXBuildFile; fileRef = 4F9B6EB72A6833CB00E941B7 /* ViewController.swift */; };
		4F9B6EBB2A6833CB00E941B7 /* Main.storyboard in Resources */ = {isa = PBXBuildFile; fileRef = 4F9B6EB92A6833CB00E941B7 /* Main.storyboard */; };
		4F9B6EBD2A6833CC00E941B7 /* Assets.xcassets in Resources */ = {isa = PBXBuildFile; fileRef = 4F9B6EBC2A6833CC00E941B7 /* Assets.xcassets */; };
		4F9B6EC02A6833CC00E941B7 /* LaunchScreen.storyboard in Resources */ = {isa = PBXBuildFile; fileRef = 4F9B6EBE2A6833CC00E941B7 /* LaunchScreen.storyboard */; };
		4F9B6ECB2A6833CC00E941B7 /* BookAppTests.swift in Sources */ = {isa = PBXBuildFile; fileRef = 4F9B6ECA2A6833CC00E941B7 /* BookAppTests.swift */; };
		4F9B6ED52A6833CC00E941B7 /* BookAppUITests.swift in Sources */ = {isa = PBXBuildFile; fileRef = 4F9B6ED42A6833CC00E941B7 /* BookAppUITests.swift */; };
		4F9B6ED72A6833CC00E941B7 /* BookAppUITestsLaunchTests.swift in Sources */ = {isa = PBXBuildFile; fileRef = 4F9B6ED62A6833CC00E941B7 /* BookAppUITestsLaunchTests.swift */; };
/* End PBXBuildFile section */

/* Begin PBXContainerItemProxy section */
		4F9B6EC72A6833CC00E941B7 /* PBXContainerItemProxy */ = {
			isa = PBXContainerItemProxy;
			containerPortal = 4F9B6EA82A6833CB00E941B7 /* Project object */;
			proxyType = 1;
			remoteGlobalIDString = 4F9B6EAF2A6833CB00E941B7;
			remoteInfo = BookApp;
		};
		4F9B6ED12A6833CC00E941B7 /* PBXContainerItemProxy */ = {
			isa = PBXContainerItemProxy;
			containerPortal = 4F9B6EA82A6833CB00E941B7 /* Project object */;
			proxyType = 1;
			remoteGlobalIDString = 4F9B6EAF2A6833CB00E941B7;
			remoteInfo = BookApp;
		};
/* End PBXContainerItemProxy section */

/* Begin PBXFileReference section */
		4F9B6EB02A6833CB00E941B7 /* BookApp.app */ = {isa = PBXFileReference; explicitFileType = wrapper.application; includeInIndex = 0; path = BookApp.app; sourceTree = BUILT_PRODUCTS_DIR; };
		4F9B6EB32A6833CB00E941B7 /* AppDelegate.swift */ = {isa = PBXFileReference; lastKnownFileType = sourcecode.swift; path = AppDelegate.swift; sourceTree = "<group>"; };
		4F9B6EB52A6833CB00E941B7 /* SceneDelegate.swift */ = {isa = PBXFileReference; lastKnownFileType = sourcecode.swift; path = SceneDelegate.swift; sourceTree = "<group>"; };
		4F9B6EB72A6833CB00E941B7 /* ViewController.swift */ = {isa = PBXFileReference; lastKnownFileType = sourcecode.swift; path = ViewController.swift; sourceTree = "<group>"; };
		4F9B6EBA2A6833CB00E941B7 /* Base */ = {isa = PBXFileReference; lastKnownFileType = file.storyboard; name = Base; path = Base.lproj/Main.storyboard; sourceTree = "<group>"; };
		4F9B6EBC2A6833CC00E941B7 /* Assets.xcassets */ = {isa = PBXFileReference; lastKnownFileType = folder.assetcatalog; path = Assets.xcassets; sourceTree = "<group>"; };
		4F9B6EBF2A6833CC00E941B7 /* Base */ = {isa = PBXFileReference; lastKnownFileType = file.storyboard; name = Base; path = Base.lproj/LaunchScreen.storyboard; sourceTree = "<group>"; };
		4F9B6EC12A6833CC00E941B7 /* Info.plist */ = {isa = PBXFileReference; lastKnownFileType = text.plist.xml; path = Info.plist; sourceTree = "<group>"; };
		4F9B6EC62A6833CC00E941B7 /* BookAppTests.xctest */ = {isa = PBXFileReference; explicitFileType = wrapper.cfbundle; includeInIndex = 0; path = BookAppTests.xctest; sourceTree = BUILT_PRODUCTS_DIR; };
		4F9B6ECA2A6833CC00E941B7 /* BookAppTests.swift */ = {isa = PBXFileReference; lastKnownFileType = sourcecode.swift; path = BookAppTests.swift; sourceTree = "<group>"; };
		4F9B6ED02A6833CC00E941B7 /* BookAppUITests.xctest */ = {isa = PBXFileReference; explicitFileType = wrapper.cfbundle; includeInIndex = 0; path = BookAppUITests.xctest; sourceTree = BUILT_PRODUCTS_DIR; };
		4F9B6ED42A6833CC00E941B7 /* BookAppUITests.swift */ = {isa = PBXFileReference; lastKnownFileType = sourcecode.swift; path = BookAppUITests.swift; sourceTree = "<group>"; };
		4F9B6ED62A6833CC00E941B7 /* BookAppUITestsLaunchTests.swift */ = {isa = PBXFileReference; lastKnownFileType = sourcecode.swift; path = BookAppUITestsLaunchTests.swift; sourceTree = "<group>"; };
/* End PBXFileReference section */

/* Begin PBXFrameworksBuildPhase section */
		4F9B6EAD2A6833CB00E941B7 /* Frameworks */ = {
			isa = PBXFrameworksBuildPhase;
			buildActionMask = 2147483647;
			files = (
			);
			runOnlyForDeploymentPostprocessing = 0;
		};
		4F9B6EC32A6833CC00E941B7 /* Frameworks */ = {
			isa = PBXFrameworksBuildPhase;
			buildActionMask = 2147483647;
			files = (
			);
			runOnlyForDeploymentPostprocessing = 0;
		};
		4F9B6ECD2A6833CC00E941B7 /* Frameworks */ = {
			isa = PBXFrameworksBuildPhase;
			buildActionMask = 2147483647;
			files = (
			);
			runOnlyForDeploymentPostprocessing = 0;
		};
/* End PBXFrameworksBuildPhase section */

/* Begin PBXGroup section */
		4F9B6EA72A6833CB00E941B7 = {
			isa = PBXGroup;
			children = (
				4F9B6EB22A6833CB00E941B7 /* BookApp */,
				4F9B6EC92A6833CC00E941B7 /* BookAppTests */,
				4F9B6ED32A6833CC00E941B7 /* BookAppUITests */,
				4F9B6EB12A6833CB00E941B7 /* Products */,
			);
			sourceTree = "<group>";
		};
		4F9B6EB12A6833CB00E941B7 /* Products */ = {
			isa = PBXGroup;
			children = (
				4F9B6EB02A6833CB00E941B7 /* BookApp.app */,
				4F9B6EC62A6833CC00E941B7 /* BookAppTests.xctest */,
				4F9B6ED02A6833CC00E941B7 /* BookAppUITests.xctest */,
			);
			name = Products;
			sourceTree = "<group>";
		};
		4F9B6EB22A6833CB00E941B7 /* BookApp */ = {
			isa = PBXGroup;
			children = (
				4F9B6EB32A6833CB00E941B7 /* AppDelegate.swift */,
				4F9B6EB52A6833CB00E941B7 /* SceneDelegate.swift */,
				4F9B6EB72A6833CB00E941B7 /* ViewController.swift */,
				4F9B6EB92A6833CB00E941B7 /* Main.storyboard */,
				4F9B6EBC2A6833CC00E941B7 /* Assets.xcassets */,
				4F9B6EBE2A6833CC00E941B7 /* LaunchScreen.storyboard */,
				4F9B6EC12A6833CC00E941B7 /* Info.plist */,
			);
			path = BookApp;
			sourceTree = "<group>";
		};
		4F9B6EC92A6833CC00E941B7 /* BookAppTests */ = {
			isa = PBXGroup;
			children = (
				4F9B6ECA2A6833CC00E941B7 /* BookAppTests.swift */,
			);
			path = BookAppTests;
			sourceTree = "<group>";
		};
		4F9B6ED32A6833CC00E941B7 /* BookAppUITests */ = {
			isa = PBXGroup;
			children = (
				4F9B6ED42A6833CC00E941B7 /* BookAppUITests.swift */,
				4F9B6ED62A6833CC00E941B7 /* BookAppUITestsLaunchTests.swift */,
			);
			path = BookAppUITests;
			sourceTree = "<group>";
		};
/* End PBXGroup section */

/* Begin PBXNativeTarget section */
		4F9B6EAF2A6833CB00E941B7 /* BookApp */ = {
			isa = PBXNativeTarget;
			buildConfigurationList = 4F9B6EDA2A6833CC00E941B7 /* Build configuration list for PBXNativeTarget "BookApp" */;
			buildPhases = (
				4F9B6EAC2A6833CB00E941B7 /* Sources */,
				4F9B6EAD2A6833CB00E941B7 /* Frameworks */,
				4F9B6EAE2A6833CB00E941B7 /* Resources */,
			);
			buildRules = (
			);
			dependencies = (
			);
			name = BookApp;
			productName = BookApp;
			productReference = 4F9B6EB02A6833CB00E941B7 /* BookApp.app */;
			productType = "com.apple.product-type.application";
		};
		4F9B6EC52A6833CC00E941B7 /* BookAppTests */ = {
			isa = PBXNativeTarget;
			buildConfigurationList = 4F9B6EDD2A6833CC00E941B7 /* Build configuration list for PBXNativeTarget "BookAppTests" */;
			buildPhases = (
				4F9B6EC22A6833CC00E941B7 /* Sources */,
				4F9B6EC32A6833CC00E941B7 /* Frameworks */,
				4F9B6EC42A6833CC00E941B7 /* Resources */,
			);
			buildRules = (
			);
			dependencies = (
				4F9B6EC82A6833CC00E941B7 /* PBXTargetDependency */,
			);
			name = BookAppTests;
			productName = BookAppTests;
			productReference = 4F9B6EC62A6833CC00E941B7 /* BookAppTests.xctest */;
			productType = "com.apple.product-type.bundle.unit-test";
		};
		4F9B6ECF2A6833CC00E941B7 /* BookAppUITests */ = {
			isa = PBXNativeTarget;
			buildConfigurationList = 4F9B6EE02A6833CC00E941B7 /* Build configuration list for PBXNativeTarget "BookAppUITests" */;
			buildPhases = (
				4F9B6ECC2A6833CC00E941B7 /* Sources */,
				4F9B6ECD2A6833CC00E941B7 /* Frameworks */,
				4F9B6ECE2A6833CC00E941B7 /* Resources */,
			);
			buildRules = (
			);
			dependencies = (
				4F9B6ED22A6833CC00E941B7 /* PBXTargetDependency */,
			);
			name = BookAppUITests;
			productName = BookAppUITests;
			productReference = 4F9B6ED02A6833CC00E941B7 /* BookAppUITests.xctest */;
			productType = "com.apple.product-type.bundle.ui-testing";
		};
/* End PBXNativeTarget section */

/* Begin PBXProject section */
		4F9B6EA82A6833CB00E941B7 /* Project object */ = {
			isa = PBXProject;
			attributes = {
				BuildIndependentTargetsInParallel = 1;
				LastSwiftUpdateCheck = 1430;
				LastUpgradeCheck = 1430;
				TargetAttributes = {
					4F9B6EAF2A6833CB00E941B7 = {
						CreatedOnToolsVersion = 14.3.1;
					};
					4F9B6EC52A6833CC00E941B7 = {
						CreatedOnToolsVersion = 14.3.1;
						TestTargetID = 4F9B6EAF2A6833CB00E941B7;
					};
					4F9B6ECF2A6833CC00E941B7 = {
						CreatedOnToolsVersion = 14.3.1;
						TestTargetID = 4F9B6EAF2A6833CB00E941B7;
					};
				};
			};
			buildConfigurationList = 4F9B6EAB2A6833CB00E941B7 /* Build configuration list for PBXProject "BookApp" */;
			compatibilityVersion = "Xcode 14.0";
			developmentRegion = en;
			hasScannedForEncodings = 0;
			knownRegions = (
				en,
				Base,
			);
			mainGroup = 4F9B6EA72A6833CB00E941B7;
			productRefGroup = 4F9B6EB12A6833CB00E941B7 /* Products */;
			projectDirPath = "";
			projectRoot = "";
			targets = (
				4F9B6EAF2A6833CB00E941B7 /* BookApp */,
				4F9B6EC52A6833CC00E941B7 /* BookAppTests */,
				4F9B6ECF2A6833CC00E941B7 /* BookAppUITests */,
			);
		};
/* End PBXProject section */

/* Begin PBXResourcesBuildPhase section */
		4F9B6EAE2A6833CB00E941B7 /* Resources */ = {
			isa = PBXResourcesBuildPhase;
			buildActionMask = 2147483647;
			files = (
				4F9B6EC02A6833CC00E941B7 /* LaunchScreen.storyboard in Resources */,
				4F9B6EBD2A6833CC00E941B7 /* Assets.xcassets in Resources */,
				4F9B6EBB2A6833CB00E941B7 /* Main.storyboard in Resources */,
			);
			runOnlyForDeploymentPostprocessing = 0;
		};
		4F9B6EC42A6833CC00E941B7 /* Resources */ = {
			isa = PBXResourcesBuildPhase;
			buildActionMask = 2147483647;
			files = (
			);
			runOnlyForDeploymentPostprocessing = 0;
		};
		4F9B6ECE2A6833CC00E941B7 /* Resources */ = {
			isa = PBXResourcesBuildPhase;
			buildActionMask = 2147483647;
			files = (
			);
			runOnlyForDeploymentPostprocessing = 0;
		};
/* End PBXResourcesBuildPhase section */

/* Begin PBXSourcesBuildPhase section */
		4F9B6EAC2A6833CB00E941B7 /* Sources */ = {
			isa = PBXSourcesBuildPhase;
			buildActionMask = 2147483647;
			files = (
				4F9B6EB82A6833CB00E941B7 /* ViewController.swift in Sources */,
				4F9B6EB42A6833CB00E941B7 /* AppDelegate.swift in Sources */,
				4F9B6EB62A6833CB00E941B7 /* SceneDelegate.swift in Sources */,
			);
			runOnlyForDeploymentPostprocessing = 0;
		};
		4F9B6EC22A6833CC00E941B7 /* Sources */ = {
			isa = PBXSourcesBuildPhase;
			buildActionMask = 2147483647;
			files = (
				4F9B6ECB2A6833CC00E941B7 /* BookAppTests.swift in Sources */,
			);
			runOnlyForDeploymentPostprocessing = 0;
		};
		4F9B6ECC2A6833CC00E941B7 /* Sources */ = {
			isa = PBXSourcesBuildPhase;
			buildActionMask = 2147483647;
			files = (
				4F9B6ED52A6833CC00E941B7 /* BookAppUITests.swift in Sources */,
				4F9B6ED72A6833CC00E941B7 /* BookAppUITestsLaunchTests.swift in Sources */,
			);
			runOnlyForDeploymentPostprocessing = 0;
		};
/* End PBXSourcesBuildPhase section */

/* Begin PBXTargetDependency section */
		4F9B6EC82A6833CC00E941B7 /* PBXTargetDependency */ = {
			isa = PBXTargetDependency;
			target = 4F9B6EAF2A6833CB00E941B7 /* BookApp */;
			targetProxy = 4F9B6EC72A6833CC00E941B7 /* PBXContainerItemProxy */;
		};
		4F9B6ED22A6833CC00E941B7 /* PBXTargetDependency */ = {
			isa = PBXTargetDependency;
			target = 4F9B6EAF2A6833CB00E941B7 /* BookApp */;
			targetProxy = 4F9B6ED12A6833CC00E941B7 /* PBXContainerItemProxy */;
		};
/* End PBXTargetDependency section */

/* Begin PBXVariantGroup section */
		4F9B6EB92A6833CB00E941B7 /* Main.storyboard */ = {
			isa = PBXVariantGroup;
			children = (
				4F9B6EBA2A6833CB00E941B7 /* Base */,
			);
			name = Main.storyboard;
			sourceTree = "<group>";
		};
		4F9B6EBE2A6833CC00E941B7 /* LaunchScreen.storyboard */ = {
			isa = PBXVariantGroup;
			children = (
				4F9B6EBF2A6833CC00E941B7 /* Base */,
			);
			name = LaunchScreen.storyboard;
			sourceTree = "<group>";
		};
/* End PBXVariantGroup section */

/* Begin XCBuildConfiguration section */
		4F9B6ED82A6833CC00E941B7 /* Debug */ = {
			isa = XCBuildConfiguration;
			buildSettings = {
				ALWAYS_SEARCH_USER_PATHS = NO;
				CLANG_ANALYZER_NONNULL = YES;
				CLANG_ANALYZER_NUMBER_OBJECT_CONVERSION = YES_AGGRESSIVE;
				CLANG_CXX_LANGUAGE_STANDARD = "gnu++20";
				CLANG_ENABLE_MODULES = YES;
				CLANG_ENABLE_OBJC_ARC = YES;
				CLANG_ENABLE_OBJC_WEAK = YES;
				CLANG_WARN_BLOCK_CAPTURE_AUTORELEASING = YES;
				CLANG_WARN_BOOL_CONVERSION = YES;
				CLANG_WARN_COMMA = YES;
				CLANG_WARN_CONSTANT_CONVERSION = YES;
				CLANG_WARN_DEPRECATED_OBJC_IMPLEMENTATIONS = YES;
				CLANG_WARN_DIRECT_OBJC_ISA_USAGE = YES_ERROR;
				CLANG_WARN_DOCUMENTATION_COMMENTS = YES;
				CLANG_WARN_EMPTY_BODY = YES;
				CLANG_WARN_ENUM_CONVERSION = YES;
				CLANG_WARN_INFINITE_RECURSION = YES;
				CLANG_WARN_INT_CONVERSION = YES;
				CLANG_WARN_NON_LITERAL_NULL_CONVERSION = YES;
				CLANG_WARN_OBJC_IMPLICIT_RETAIN_SELF = YES;
				CLANG_WARN_OBJC_LITERAL_CONVERSION = YES;
				CLANG_WARN_OBJC_ROOT_CLASS = YES_ERROR;
				CLANG_WARN_QUOTED_INCLUDE_IN_FRAMEWORK_HEADER = YES;
				CLANG_WARN_RANGE_LOOP_ANALYSIS = YES;
				CLANG_WARN_STRICT_PROTOTYPES = YES;
				CLANG_WARN_SUSPICIOUS_MOVE = YES;
				CLANG_WARN_UNGUARDED_AVAILABILITY = YES_AGGRESSIVE;
				CLANG_WARN_UNREACHABLE_CODE = YES;
				CLANG_WARN__DUPLICATE_METHOD_MATCH = YES;
				COPY_PHASE_STRIP = NO;
				DEBUG_INFORMATION_FORMAT = dwarf;
				ENABLE_STRICT_OBJC_MSGSEND = YES;
				ENABLE_TESTABILITY = YES;
				GCC_C_LANGUAGE_STANDARD = gnu11;
				GCC_DYNAMIC_NO_PIC = NO;
				GCC_NO_COMMON_BLOCKS = YES;
				GCC_OPTIMIZATION_LEVEL = 0;
				GCC_PREPROCESSOR_DEFINITIONS = (
					"DEBUG=1",
					"$(inherited)",
				);
				GCC_WARN_64_TO_32_BIT_CONVERSION = YES;
				GCC_WARN_ABOUT_RETURN_TYPE = YES_ERROR;
				GCC_WARN_UNDECLARED_SELECTOR = YES;
				GCC_WARN_UNINITIALIZED_AUTOS = YES_AGGRESSIVE;
				GCC_WARN_UNUSED_FUNCTION = YES;
				GCC_WARN_UNUSED_VARIABLE = YES;
				IPHONEOS_DEPLOYMENT_TARGET = 16.4;
				MTL_ENABLE_DEBUG_INFO = INCLUDE_SOURCE;
				MTL_FAST_MATH = YES;
				ONLY_ACTIVE_ARCH = YES;
				SDKROOT = iphoneos;
				SWIFT_ACTIVE_COMPILATION_CONDITIONS = DEBUG;
				SWIFT_OPTIMIZATION_LEVEL = "-Onone";
			};
			name = Debug;
		};
		4F9B6ED92A6833CC00E941B7 /* Release */ = {
			isa = XCBuildConfiguration;
			buildSettings = {
				ALWAYS_SEARCH_USER_PATHS = NO;
				CLANG_ANALYZER_NONNULL = YES;
				CLANG_ANALYZER_NUMBER_OBJECT_CONVERSION = YES_AGGRESSIVE;
				CLANG_CXX_LANGUAGE_STANDARD = "gnu++20";
				CLANG_ENABLE_MODULES = YES;
				CLANG_ENABLE_OBJC_ARC = YES;
				CLANG_ENABLE_OBJC_WEAK = YES;
				CLANG_WARN_BLOCK_CAPTURE_AUTORELEASING = YES;
				CLANG_WARN_BOOL_CONVERSION = YES;
				CLANG_WARN_COMMA = YES;
				CLANG_WARN_CONSTANT_CONVERSION = YES;
				CLANG_WARN_DEPRECATED_OBJC_IMPLEMENTATIONS = YES;
				CLANG_WARN_DIRECT_OBJC_ISA_USAGE = YES_ERROR;
				CLANG_WARN_DOCUMENTATION_COMMENTS = YES;
				CLANG_WARN_EMPTY_BODY = YES;
				CLANG_WARN_ENUM_CONVERSION = YES;
				CLANG_WARN_INFINITE_RECURSION = YES;
				CLANG_WARN_INT_CONVERSION = YES;
				CLANG_WARN_NON_LITERAL_NULL_CONVERSION = YES;
				CLANG_WARN_OBJC_IMPLICIT_RETAIN_SELF = YES;
				CLANG_WARN_OBJC_LITERAL_CONVERSION = YES;
				CLANG_WARN_OBJC_ROOT_CLASS = YES_ERROR;
				CLANG_WARN_QUOTED_INCLUDE_IN_FRAMEWORK_HEADER = YES;
				CLANG_WARN_RANGE_LOOP_ANALYSIS = YES;
				CLANG_WARN_STRICT_PROTOTYPES = YES;
				CLANG_WARN_SUSPICIOUS_MOVE = YES;
				CLANG_WARN_UNGUARDED_AVAILABILITY = YES_AGGRESSIVE;
				CLANG_WARN_UNREACHABLE_CODE = YES;
				CLANG_WARN__DUPLICATE_METHOD_MATCH = YES;
				COPY_PHASE_STRIP = NO;
				DEBUG_INFORMATION_FORMAT = "dwarf-with-dsym";
				ENABLE_NS_ASSERTIONS = NO;
				ENABLE_STRICT_OBJC_MSGSEND = YES;
				GCC_C_LANGUAGE_STANDARD = gnu11;
				GCC_NO_COMMON_BLOCKS = YES;
				GCC_WARN_64_TO_32_BIT_CONVERSION = YES;
				GCC_WARN_ABOUT_RETURN_TYPE = YES_ERROR;
				GCC_WARN_UNDECLARED_SELECTOR = YES;
				GCC_WARN_UNINITIALIZED_AUTOS = YES_AGGRESSIVE;
				GCC_WARN_UNUSED_FUNCTION = YES;
				GCC_WARN_UNUSED_VARIABLE = YES;
				IPHONEOS_DEPLOYMENT_TARGET = 16.4;
				MTL_ENABLE_DEBUG_INFO = NO;
				MTL_FAST_MATH = YES;
				SDKROOT = iphoneos;
				SWIFT_COMPILATION_MODE = wholemodule;
				SWIFT_OPTIMIZATION_LEVEL = "-O";
				VALIDATE_PRODUCT = YES;
			};
			name = Release;
		};
		4F9B6EDB2A6833CC00E941B7 /* Debug */ = {
			isa = XCBuildConfiguration;
			buildSettings = {
				ASSETCATALOG_COMPILER_APPICON_NAME = AppIcon;
				ASSETCATALOG_COMPILER_GLOBAL_ACCENT_COLOR_NAME = AccentColor;
				CODE_SIGN_STYLE = Automatic;
				CURRENT_PROJECT_VERSION = 1;
				DEVELOPMENT_TEAM = MDTNL7WFHZ;
				GENERATE_INFOPLIST_FILE = YES;
				INFOPLIST_FILE = BookApp/Info.plist;
				INFOPLIST_KEY_UIApplicationSupportsIndirectInputEvents = YES;
				INFOPLIST_KEY_UILaunchStoryboardName = LaunchScreen;
				INFOPLIST_KEY_UIMainStoryboardFile = Main;
				INFOPLIST_KEY_UISupportedInterfaceOrientations_iPad = "UIInterfaceOrientationPortrait UIInterfaceOrientationPortraitUpsideDown UIInterfaceOrientationLandscapeLeft UIInterfaceOrientationLandscapeRight";
				INFOPLIST_KEY_UISupportedInterfaceOrientations_iPhone = "UIInterfaceOrientationPortrait UIInterfaceOrientationLandscapeLeft UIInterfaceOrientationLandscapeRight";
				LD_RUNPATH_SEARCH_PATHS = (
					"$(inherited)",
					"@executable_path/Frameworks",
				);
				MARKETING_VERSION = 1.0;
				PRODUCT_BUNDLE_IDENTIFIER = savkamykhailo.BookApp;
				PRODUCT_NAME = "$(TARGET_NAME)";
				SWIFT_EMIT_LOC_STRINGS = YES;
				SWIFT_VERSION = 5.0;
				TARGETED_DEVICE_FAMILY = "1,2";
			};
			name = Debug;
		};
		4F9B6EDC2A6833CC00E941B7 /* Release */ = {
			isa = XCBuildConfiguration;
			buildSettings = {
				ASSETCATALOG_COMPILER_APPICON_NAME = AppIcon;
				ASSETCATALOG_COMPILER_GLOBAL_ACCENT_COLOR_NAME = AccentColor;
				CODE_SIGN_STYLE = Automatic;
				CURRENT_PROJECT_VERSION = 1;
				DEVELOPMENT_TEAM = MDTNL7WFHZ;
				GENERATE_INFOPLIST_FILE = YES;
				INFOPLIST_FILE = BookApp/Info.plist;
				INFOPLIST_KEY_UIApplicationSupportsIndirectInputEvents = YES;
				INFOPLIST_KEY_UILaunchStoryboardName = LaunchScreen;
				INFOPLIST_KEY_UIMainStoryboardFile = Main;
				INFOPLIST_KEY_UISupportedInterfaceOrientations_iPad = "UIInterfaceOrientationPortrait UIInterfaceOrientationPortraitUpsideDown UIInterfaceOrientationLandscapeLeft UIInterfaceOrientationLandscapeRight";
				INFOPLIST_KEY_UISupportedInterfaceOrientations_iPhone = "UIInterfaceOrientationPortrait UIInterfaceOrientationLandscapeLeft UIInterfaceOrientationLandscapeRight";
				LD_RUNPATH_SEARCH_PATHS = (
					"$(inherited)",
					"@executable_path/Frameworks",
				);
				MARKETING_VERSION = 1.0;
				PRODUCT_BUNDLE_IDENTIFIER = savkamykhailo.BookApp;
				PRODUCT_NAME = "$(TARGET_NAME)";
				SWIFT_EMIT_LOC_STRINGS = YES;
				SWIFT_VERSION = 5.0;
				TARGETED_DEVICE_FAMILY = "1,2";
			};
			name = Release;
		};
		4F9B6EDE2A6833CC00E941B7 /* Debug */ = {
			isa = XCBuildConfiguration;
			buildSettings = {
				ALWAYS_EMBED_SWIFT_STANDARD_LIBRARIES = YES;
				BUNDLE_LOADER = "$(TEST_HOST)";
				CODE_SIGN_STYLE = Automatic;
				CURRENT_PROJECT_VERSION = 1;
				DEVELOPMENT_TEAM = MDTNL7WFHZ;
				GENERATE_INFOPLIST_FILE = YES;
				IPHONEOS_DEPLOYMENT_TARGET = 16.4;
				MARKETING_VERSION = 1.0;
				PRODUCT_BUNDLE_IDENTIFIER = savkamykhailo.BookAppTests;
				PRODUCT_NAME = "$(TARGET_NAME)";
				SWIFT_EMIT_LOC_STRINGS = NO;
				SWIFT_VERSION = 5.0;
				TARGETED_DEVICE_FAMILY = "1,2";
				TEST_HOST = "$(BUILT_PRODUCTS_DIR)/BookApp.app/$(BUNDLE_EXECUTABLE_FOLDER_PATH)/BookApp";
			};
			name = Debug;
		};
		4F9B6EDF2A6833CC00E941B7 /* Release */ = {
			isa = XCBuildConfiguration;
			buildSettings = {
				ALWAYS_EMBED_SWIFT_STANDARD_LIBRARIES = YES;
				BUNDLE_LOADER = "$(TEST_HOST)";
				CODE_SIGN_STYLE = Automatic;
				CURRENT_PROJECT_VERSION = 1;
				DEVELOPMENT_TEAM = MDTNL7WFHZ;
				GENERATE_INFOPLIST_FILE = YES;
				IPHONEOS_DEPLOYMENT_TARGET = 16.4;
				MARKETING_VERSION = 1.0;
				PRODUCT_BUNDLE_IDENTIFIER = savkamykhailo.BookAppTests;
				PRODUCT_NAME = "$(TARGET_NAME)";
				SWIFT_EMIT_LOC_STRINGS = NO;
				SWIFT_VERSION = 5.0;
				TARGETED_DEVICE_FAMILY = "1,2";
				TEST_HOST = "$(BUILT_PRODUCTS_DIR)/BookApp.app/$(BUNDLE_EXECUTABLE_FOLDER_PATH)/BookApp";
			};
			name = Release;
		};
		4F9B6EE12A6833CC00E941B7 /* Debug */ = {
			isa = XCBuildConfiguration;
			buildSettings = {
				ALWAYS_EMBED_SWIFT_STANDARD_LIBRARIES = YES;
				CODE_SIGN_STYLE = Automatic;
				CURRENT_PROJECT_VERSION = 1;
				DEVELOPMENT_TEAM = MDTNL7WFHZ;
				GENERATE_INFOPLIST_FILE = YES;
				MARKETING_VERSION = 1.0;
				PRODUCT_BUNDLE_IDENTIFIER = savkamykhailo.BookAppUITests;
				PRODUCT_NAME = "$(TARGET_NAME)";
				SWIFT_EMIT_LOC_STRINGS = NO;
				SWIFT_VERSION = 5.0;
				TARGETED_DEVICE_FAMILY = "1,2";
				TEST_TARGET_NAME = BookApp;
			};
			name = Debug;
		};
		4F9B6EE22A6833CC00E941B7 /* Release */ = {
			isa = XCBuildConfiguration;
			buildSettings = {
				ALWAYS_EMBED_SWIFT_STANDARD_LIBRARIES = YES;
				CODE_SIGN_STYLE = Automatic;
				CURRENT_PROJECT_VERSION = 1;
				DEVELOPMENT_TEAM = MDTNL7WFHZ;
				GENERATE_INFOPLIST_FILE = YES;
				MARKETING_VERSION = 1.0;
				PRODUCT_BUNDLE_IDENTIFIER = savkamykhailo.BookAppUITests;
				PRODUCT_NAME = "$(TARGET_NAME)";
				SWIFT_EMIT_LOC_STRINGS = NO;
				SWIFT_VERSION = 5.0;
				TARGETED_DEVICE_FAMILY = "1,2";
				TEST_TARGET_NAME = BookApp;
			};
			name = Release;
		};
/* End XCBuildConfiguration section */

/* Begin XCConfigurationList section */
		4F9B6EAB2A6833CB00E941B7 /* Build configuration list for PBXProject "BookApp" */ = {
			isa = XCConfigurationList;
			buildConfigurations = (
				4F9B6ED82A6833CC00E941B7 /* Debug */,
				4F9B6ED92A6833CC00E941B7 /* Release */,
			);
			defaultConfigurationIsVisible = 0;
			defaultConfigurationName = Release;
		};
		4F9B6EDA2A6833CC00E941B7 /* Build configuration list for PBXNativeTarget "BookApp" */ = {
			isa = XCConfigurationList;
			buildConfigurations = (
				4F9B6EDB2A6833CC00E941B7 /* Debug */,
				4F9B6EDC2A6833CC00E941B7 /* Release */,
			);
			defaultConfigurationIsVisible = 0;
			defaultConfigurationName = Release;
		};
		4F9B6EDD2A6833CC00E941B7 /* Build configuration list for PBXNativeTarget "BookAppTests" */ = {
			isa = XCConfigurationList;
			buildConfigurations = (
				4F9B6EDE2A6833CC00E941B7 /* Debug */,
				4F9B6EDF2A6833CC00E941B7 /* Release */,
			);
			defaultConfigurationIsVisible = 0;
			defaultConfigurationName = Release;
		};
		4F9B6EE02A6833CC00E941B7 /* Build configuration list for PBXNativeTarget "BookAppUITests" */ = {
			isa = XCConfigurationList;
			buildConfigurations = (
				4F9B6EE12A6833CC00E941B7 /* Debug */,
				4F9B6EE22A6833CC00E941B7 /* Release */,
			);
			defaultConfigurationIsVisible = 0;
			defaultConfigurationName = Release;
		};
/* End XCConfigurationList section */
	};
	rootObject = 4F9B6EA82A6833CB00E941B7 /* Project object */;
}
